
Microsoft Visual Studio Solution File, Format Version 12.00
# Visual Studio Version 17
VisualStudioVersion = 17.5.33530.505
MinimumVisualStudioVersion = 10.0.40219.1
Project("{FAE04EC0-301F-11D3-BF4B-00C04F79EFBC}") = "SortManagerApp", "SortManagerApp\SortManagerApp.csproj", "{B6F2EB59-556D-4B4E-9216-4B6EBB8FF660}"
EndProject
Project("{FAE04EC0-301F-11D3-BF4B-00C04F79EFBC}") = "SortManagerTests", "SortManagerTests\SortManagerTests.csproj", "{46E22B1F-D3EA-42D4-945C-28E0AA89249F}"
EndProject
Global
	GlobalSection(SolutionConfigurationPlatforms) = preSolution
		Debug|Any CPU = Debug|Any CPU
		Release|Any CPU = Release|Any CPU
	EndGlobalSection
	GlobalSection(ProjectConfigurationPlatforms) = postSolution
		{B6F2EB59-556D-4B4E-9216-4B6EBB8FF660}.Debug|Any CPU.ActiveCfg = Debug|Any CPU
		{B6F2EB59-556D-4B4E-9216-4B6EBB8FF660}.Debug|Any CPU.Build.0 = Debug|Any CPU
		{B6F2EB59-556D-4B4E-9216-4B6EBB8FF660}.Release|Any CPU.ActiveCfg = Release|Any CPU
		{B6F2EB59-556D-4B4E-9216-4B6EBB8FF660}.Release|Any CPU.Build.0 = Release|Any CPU
		{46E22B1F-D3EA-42D4-945C-28E0AA89249F}.Debug|Any CPU.ActiveCfg = Debug|Any CPU
		{46E22B1F-D3EA-42D4-945C-28E0AA89249F}.Debug|Any CPU.Build.0 = Debug|Any CPU
		{46E22B1F-D3EA-42D4-945C-28E0AA89249F}.Release|Any CPU.ActiveCfg = Release|Any CPU
		{46E22B1F-D3EA-42D4-945C-28E0AA89249F}.Release|Any CPU.Build.0 = Release|Any CPU
	EndGlobalSection
	GlobalSection(SolutionProperties) = preSolution
		HideSolutionNode = FALSE
	EndGlobalSection
	GlobalSection(ExtensibilityGlobals) = postSolution
		SolutionGuid = {E31F8F46-1B5E-4DBA-AB99-5A9E33F910C6}
	EndGlobalSection
EndGlobal
